
Microsoft Visual Studio Solution File, Format Version 12.00
# Visual Studio Version 17
VisualStudioVersion = 17.0.31903.59
MinimumVisualStudioVersion = 10.0.40219.1
Project("{FAE04EC0-301F-11D3-BF4B-00C04F79EFBC}") = "OrderManagementSystem.API", "OrderManagementSystem.API\OrderManagementSystem.API.csproj", "{4C4856CC-FA82-444B-8574-FCAA34290B18}"
EndProject
Project("{FAE04EC0-301F-11D3-BF4B-00C04F79EFBC}") = "OrderManagementSystem.Application", "OrderManagementSystem.Application\OrderManagementSystem.Application.csproj", "{D25848D8-9255-4CDC-AAAD-0698ADA7929C}"
EndProject
Project("{FAE04EC0-301F-11D3-BF4B-00C04F79EFBC}") = "OrderManagementSystem.Domain", "OrderManagementSystem.Domain\OrderManagementSystem.Domain.csproj", "{6D53C020-1D57-4968-9F62-58CD513F4B1B}"
EndProject
Project("{FAE04EC0-301F-11D3-BF4B-00C04F79EFBC}") = "OrderManagementSystem.Infrastructure", "OrderManagementSystem.Infrastructure\OrderManagementSystem.Infrastructure.csproj", "{0B86873E-9F81-499A-AFA8-7A3F2AC9A96D}"
EndProject
Project("{FAE04EC0-301F-11D3-BF4B-00C04F79EFBC}") = "OrderManagementSystem.Tests", "OrderManagementSystem.Tests\OrderManagementSystem.Tests.csproj", "{DA771904-6E4D-41B6-A71E-C16430050219}"
EndProject
Project("{2150E333-8FDC-42A3-9474-1A3956D46DE8}") = "Solution Items", "Solution Items", "{F3EFB3CA-7D18-44E3-83EF-3BA1BAD5755B}"
	ProjectSection(SolutionItems) = preProject
		README.md = README.md
	EndProjectSection
EndProject
Global
	GlobalSection(SolutionConfigurationPlatforms) = preSolution
		Debug|Any CPU = Debug|Any CPU
		Release|Any CPU = Release|Any CPU
	EndGlobalSection
	GlobalSection(ProjectConfigurationPlatforms) = postSolution
		{4C4856CC-FA82-444B-8574-FCAA34290B18}.Debug|Any CPU.ActiveCfg = Debug|Any CPU
		{4C4856CC-FA82-444B-8574-FCAA34290B18}.Debug|Any CPU.Build.0 = Debug|Any CPU
		{4C4856CC-FA82-444B-8574-FCAA34290B18}.Release|Any CPU.ActiveCfg = Release|Any CPU
		{4C4856CC-FA82-444B-8574-FCAA34290B18}.Release|Any CPU.Build.0 = Release|Any CPU
		{D25848D8-9255-4CDC-AAAD-0698ADA7929C}.Debug|Any CPU.ActiveCfg = Debug|Any CPU
		{D25848D8-9255-4CDC-AAAD-0698ADA7929C}.Debug|Any CPU.Build.0 = Debug|Any CPU
		{D25848D8-9255-4CDC-AAAD-0698ADA7929C}.Release|Any CPU.ActiveCfg = Release|Any CPU
		{D25848D8-9255-4CDC-AAAD-0698ADA7929C}.Release|Any CPU.Build.0 = Release|Any CPU
		{6D53C020-1D57-4968-9F62-58CD513F4B1B}.Debug|Any CPU.ActiveCfg = Debug|Any CPU
		{6D53C020-1D57-4968-9F62-58CD513F4B1B}.Debug|Any CPU.Build.0 = Debug|Any CPU
		{6D53C020-1D57-4968-9F62-58CD513F4B1B}.Release|Any CPU.ActiveCfg = Release|Any CPU
		{6D53C020-1D57-4968-9F62-58CD513F4B1B}.Release|Any CPU.Build.0 = Release|Any CPU
		{0B86873E-9F81-499A-AFA8-7A3F2AC9A96D}.Debug|Any CPU.ActiveCfg = Debug|Any CPU
		{0B86873E-9F81-499A-AFA8-7A3F2AC9A96D}.Debug|Any CPU.Build.0 = Debug|Any CPU
		{0B86873E-9F81-499A-AFA8-7A3F2AC9A96D}.Release|Any CPU.ActiveCfg = Release|Any CPU
		{0B86873E-9F81-499A-AFA8-7A3F2AC9A96D}.Release|Any CPU.Build.0 = Release|Any CPU
		{DA771904-6E4D-41B6-A71E-C16430050219}.Debug|Any CPU.ActiveCfg = Debug|Any CPU
		{DA771904-6E4D-41B6-A71E-C16430050219}.Debug|Any CPU.Build.0 = Debug|Any CPU
		{DA771904-6E4D-41B6-A71E-C16430050219}.Release|Any CPU.ActiveCfg = Release|Any CPU
		{DA771904-6E4D-41B6-A71E-C16430050219}.Release|Any CPU.Build.0 = Release|Any CPU
	EndGlobalSection
	GlobalSection(SolutionProperties) = preSolution
		HideSolutionNode = FALSE
	EndGlobalSection
EndGlobal
